
Microsoft Visual Studio Solution File, Format Version 12.00
# Visual Studio Version 17
VisualStudioVersion = 17.0.31912.275
MinimumVisualStudioVersion = 10.0.40219.1
Project("{9A19103F-16F7-4668-BE54-9A1E7A4F7556}") = "InterpolatedString", "InterpolatedString\InterpolatedString.csproj", "{BB826727-950B-4030-8752-4E6D91990E29}"
EndProject
Project("{FAE04EC0-301F-11D3-BF4B-00C04F79EFBC}") = "CoreWebAppVoorbeeld", "CoreWebAppVoorbeeld\CoreWebAppVoorbeeld.csproj", "{1C28AA2C-0252-4F3A-8FC2-7486B0D34060}"
EndProject
Project("{FAE04EC0-301F-11D3-BF4B-00C04F79EFBC}") = "xUnitTestProject", "xUnitTestProject\xUnitTestProject.csproj", "{0914C835-3147-4C12-98DF-D41A79C6079E}"
EndProject
Global
	GlobalSection(SolutionConfigurationPlatforms) = preSolution
		Debug|Any CPU = Debug|Any CPU
		Release|Any CPU = Release|Any CPU
	EndGlobalSection
	GlobalSection(ProjectConfigurationPlatforms) = postSolution
		{BB826727-950B-4030-8752-4E6D91990E29}.Debug|Any CPU.ActiveCfg = Debug|Any CPU
		{BB826727-950B-4030-8752-4E6D91990E29}.Debug|Any CPU.Build.0 = Debug|Any CPU
		{BB826727-950B-4030-8752-4E6D91990E29}.Release|Any CPU.ActiveCfg = Release|Any CPU
		{BB826727-950B-4030-8752-4E6D91990E29}.Release|Any CPU.Build.0 = Release|Any CPU
		{1C28AA2C-0252-4F3A-8FC2-7486B0D34060}.Debug|Any CPU.ActiveCfg = Debug|Any CPU
		{1C28AA2C-0252-4F3A-8FC2-7486B0D34060}.Debug|Any CPU.Build.0 = Debug|Any CPU
		{1C28AA2C-0252-4F3A-8FC2-7486B0D34060}.Release|Any CPU.ActiveCfg = Release|Any CPU
		{1C28AA2C-0252-4F3A-8FC2-7486B0D34060}.Release|Any CPU.Build.0 = Release|Any CPU
		{0914C835-3147-4C12-98DF-D41A79C6079E}.Debug|Any CPU.ActiveCfg = Debug|Any CPU
		{0914C835-3147-4C12-98DF-D41A79C6079E}.Debug|Any CPU.Build.0 = Debug|Any CPU
		{0914C835-3147-4C12-98DF-D41A79C6079E}.Release|Any CPU.ActiveCfg = Release|Any CPU
		{0914C835-3147-4C12-98DF-D41A79C6079E}.Release|Any CPU.Build.0 = Release|Any CPU
	EndGlobalSection
	GlobalSection(SolutionProperties) = preSolution
		HideSolutionNode = FALSE
	EndGlobalSection
	GlobalSection(ExtensibilityGlobals) = postSolution
		SolutionGuid = {6EE93773-8D16-42A7-9DDC-19B231DF3F2C}
	EndGlobalSection
EndGlobal
